PODS:
  - Bond (4.3.1)
  - ConvenienceKit (0.4.0)
  - DateTools (1.7.0)
  - Mixpanel (2.9.9):
    - Mixpanel/Mixpanel (= 2.9.9)
  - Mixpanel/Mixpanel (2.9.9)

DEPENDENCIES:
  - Bond
  - ConvenienceKit
  - DateTools
  - Mixpanel

SPEC CHECKSUMS:
  Bond: 55903fc67f09e8e49791a657163cabba1d6fb29d
  ConvenienceKit: ba1ad8797897dc0d011676e961a2f3e9b270c841
  DateTools: 53288ee8b905fdc75897a1e6b5cc0144b14cba60
  Mixpanel: 818d1940c2d9402453b349545022a86968097f57

PODFILE CHECKSUM: 9f5e31595391728c35f83111185dbc50bdf0df2a

COCOAPODS: 1.0.1
