// !$*UTF8*$!
{
	archiveVersion = 1;
	classes = {
	};
	objectVersion = 46;
	objects = {

/* Begin PBXBuildFile section */
		1C1105491B5EB10C0081D073 /* PostDisplayViewController.swift in Sources */ = {isa = PBXBuildFile; fileRef = 1C13E5821B4C486800FA5F39 /* PostDisplayViewController.swift */; };
		1C13E57B1B4C46EC00FA5F39 /* Main.storyboard in Resources */ = {isa = PBXBuildFile; fileRef = 1C13E57A1B4C46EC00FA5F39 /* Main.storyboard */; };
		1C13E5851B4C486800FA5F39 /* PostViewController.swift in Sources */ = {isa = PBXBuildFile; fileRef = 1C13E5811B4C486800FA5F39 /* PostViewController.swift */; };
		1C43F9231D3204E2007EA904 /* Bond.framework in Frameworks */ = {isa = PBXBuildFile; fileRef = 1C43F91F1D3204E2007EA904 /* Bond.framework */; };
		1C43F9241D3204E2007EA904 /* ConvenienceKit.framework in Frameworks */ = {isa = PBXBuildFile; fileRef = 1C43F9201D3204E2007EA904 /* ConvenienceKit.framework */; };
		1C43F9251D3204E2007EA904 /* DateTools.framework in Frameworks */ = {isa = PBXBuildFile; fileRef = 1C43F9211D3204E2007EA904 /* DateTools.framework */; };
		1C43F9261D3204E2007EA904 /* Mixpanel.framework in Frameworks */ = {isa = PBXBuildFile; fileRef = 1C43F9221D3204E2007EA904 /* Mixpanel.framework */; };
		1C43F9281D3204E7007EA904 /* Bond.framework in Embed Frameworks */ = {isa = PBXBuildFile; fileRef = 1C43F91F1D3204E2007EA904 /* Bond.framework */; settings = {ATTRIBUTES = (CodeSignOnCopy, RemoveHeadersOnCopy, ); }; };
		1C43F92A1D3204E7007EA904 /* ConvenienceKit.framework in Embed Frameworks */ = {isa = PBXBuildFile; fileRef = 1C43F9201D3204E2007EA904 /* ConvenienceKit.framework */; settings = {ATTRIBUTES = (CodeSignOnCopy, RemoveHeadersOnCopy, ); }; };
		1C43F92C1D3204E7007EA904 /* DateTools.framework in Embed Frameworks */ = {isa = PBXBuildFile; fileRef = 1C43F9211D3204E2007EA904 /* DateTools.framework */; settings = {ATTRIBUTES = (CodeSignOnCopy, RemoveHeadersOnCopy, ); }; };
		1C43F92E1D3204E7007EA904 /* Mixpanel.framework in Embed Frameworks */ = {isa = PBXBuildFile; fileRef = 1C43F9221D3204E2007EA904 /* Mixpanel.framework */; settings = {ATTRIBUTES = (CodeSignOnCopy, RemoveHeadersOnCopy, ); }; };
		1C52FFDB1B55C1BE00ADBE8B /* MapViewController.swift in Sources */ = {isa = PBXBuildFile; fileRef = 1C52FFDA1B55C1BE00ADBE8B /* MapViewController.swift */; };
		1C5B38361B746C300086BF2C /* Images.xcassets in Resources */ = {isa = PBXBuildFile; fileRef = 1C5B38351B746C300086BF2C /* Images.xcassets */; };
		1CADAED21B597E0700F341A6 /* PinAnnotation.swift in Sources */ = {isa = PBXBuildFile; fileRef = 1CADAED11B597E0700F341A6 /* PinAnnotation.swift */; };
		1CC0CF501B6A94700022C0A5 /* AnnotationView.swift in Sources */ = {isa = PBXBuildFile; fileRef = 1CC0CF4F1B6A94700022C0A5 /* AnnotationView.swift */; };
		1CCF953C1B75D6BC00915C0B /* PushNotificationController.swift in Sources */ = {isa = PBXBuildFile; fileRef = 1CCF953B1B75D6BC00915C0B /* PushNotificationController.swift */; };
		1CD9DFF31B4DC61600DF28E3 /* PhotoTakingHelper.swift in Sources */ = {isa = PBXBuildFile; fileRef = 1CD9DFF21B4DC61600DF28E3 /* PhotoTakingHelper.swift */; };
		1CD9DFF51B4DC64100DF28E3 /* ParseHelper.swift in Sources */ = {isa = PBXBuildFile; fileRef = 1CD9DFF41B4DC64100DF28E3 /* ParseHelper.swift */; };
		1CDF7A481B55EC4100609CE1 /* MapKit.framework in Frameworks */ = {isa = PBXBuildFile; fileRef = 1CDF7A471B55EC4100609CE1 /* MapKit.framework */; };
		1CDF7A4F1B55EC5100609CE1 /* CoreLocation.framework in Frameworks */ = {isa = PBXBuildFile; fileRef = 62551B991B06C31F000913E4 /* CoreLocation.framework */; };
		5A5381B3F1F7EAB441EC9393 /* Pods_GeoRecipe.framework in Frameworks */ = {isa = PBXBuildFile; fileRef = 98E50C68688DFB15289EE37F /* Pods_GeoRecipe.framework */; };
		624262C01B4460CB00005CE3 /* AppDelegate.swift in Sources */ = {isa = PBXBuildFile; fileRef = 624262B21B4460CB00005CE3 /* AppDelegate.swift */; };
		624262C11B4460CB00005CE3 /* LaunchScreen.xib in Resources */ = {isa = PBXBuildFile; fileRef = 624262B31B4460CB00005CE3 /* LaunchScreen.xib */; };
		624262C31B4460CB00005CE3 /* ErrorHandling.swift in Sources */ = {isa = PBXBuildFile; fileRef = 624262B81B4460CB00005CE3 /* ErrorHandling.swift */; };
		624262C41B4460CB00005CE3 /* ParseLoginHelper.swift in Sources */ = {isa = PBXBuildFile; fileRef = 624262B91B4460CB00005CE3 /* ParseLoginHelper.swift */; };
		62551B6C1B06BF6D000913E4 /* Bolts.framework in Frameworks */ = {isa = PBXBuildFile; fileRef = 62551B631B06BF6D000913E4 /* Bolts.framework */; };
		62551B6D1B06BF6D000913E4 /* FBSDKCoreKit.framework in Frameworks */ = {isa = PBXBuildFile; fileRef = 62551B641B06BF6D000913E4 /* FBSDKCoreKit.framework */; };
		62551B6E1B06BF6D000913E4 /* FBSDKLoginKit.framework in Frameworks */ = {isa = PBXBuildFile; fileRef = 62551B651B06BF6D000913E4 /* FBSDKLoginKit.framework */; };
		62551B6F1B06BF6D000913E4 /* FBSDKShareKit.framework in Frameworks */ = {isa = PBXBuildFile; fileRef = 62551B661B06BF6D000913E4 /* FBSDKShareKit.framework */; };
		62551B701B06BF6D000913E4 /* Parse.framework in Frameworks */ = {isa = PBXBuildFile; fileRef = 62551B671B06BF6D000913E4 /* Parse.framework */; };
		62551B711B06BF6D000913E4 /* ParseCrashReporting.framework in Frameworks */ = {isa = PBXBuildFile; fileRef = 62551B681B06BF6D000913E4 /* ParseCrashReporting.framework */; };
		62551B731B06BF6D000913E4 /* ParseFacebookUtilsV4.framework in Frameworks */ = {isa = PBXBuildFile; fileRef = 62551B6A1B06BF6D000913E4 /* ParseFacebookUtilsV4.framework */; };
		62551B741B06BF6D000913E4 /* ParseUI.framework in Frameworks */ = {isa = PBXBuildFile; fileRef = 62551B6B1B06BF6D000913E4 /* ParseUI.framework */; };
		62551B961B06C2F5000913E4 /* Social.framework in Frameworks */ = {isa = PBXBuildFile; fileRef = 62551B951B06C2F5000913E4 /* Social.framework */; };
		62551B981B06C2FD000913E4 /* Accounts.framework in Frameworks */ = {isa = PBXBuildFile; fileRef = 62551B971B06C2FD000913E4 /* Accounts.framework */; };
		62551B9C1B06C327000913E4 /* SystemConfiguration.framework in Frameworks */ = {isa = PBXBuildFile; fileRef = 62551B9B1B06C327000913E4 /* SystemConfiguration.framework */; };
		62551B9E1B06C354000913E4 /* MobileCoreServices.framework in Frameworks */ = {isa = PBXBuildFile; fileRef = 62551B9D1B06C354000913E4 /* MobileCoreServices.framework */; };
		62551BA01B06C35B000913E4 /* AudioToolbox.framework in Frameworks */ = {isa = PBXBuildFile; fileRef = 62551B9F1B06C35B000913E4 /* AudioToolbox.framework */; };
		62551BA21B06C373000913E4 /* libsqlite3.dylib in Frameworks */ = {isa = PBXBuildFile; fileRef = 62551BA11B06C373000913E4 /* libsqlite3.dylib */; };
		62A07D661B1F79F2001F6916 /* libstdc++.6.dylib in Frameworks */ = {isa = PBXBuildFile; fileRef = 62A07D651B1F79F2001F6916 /* libstdc++.6.dylib */; };
		CBAE54CF1D221D34003547B1 /* Post.swift in Sources */ = {isa = PBXBuildFile; fileRef = CBAE54CE1D221D34003547B1 /* Post.swift */; };
/* End PBXBuildFile section */

/* Begin PBXCopyFilesBuildPhase section */
		62A07D1C1B1E56C2001F6916 /* Embed Frameworks */ = {
			isa = PBXCopyFilesBuildPhase;
			buildActionMask = 2147483647;
			dstPath = "";
			dstSubfolderSpec = 10;
			files = (
				1C43F92E1D3204E7007EA904 /* Mixpanel.framework in Embed Frameworks */,
				1C43F9281D3204E7007EA904 /* Bond.framework in Embed Frameworks */,
				1C43F92C1D3204E7007EA904 /* DateTools.framework in Embed Frameworks */,
				1C43F92A1D3204E7007EA904 /* ConvenienceKit.framework in Embed Frameworks */,
			);
			name = "Embed Frameworks";
			runOnlyForDeploymentPostprocessing = 0;
		};
/* End PBXCopyFilesBuildPhase section */

/* Begin PBXFileReference section */
		1C13E57A1B4C46EC00FA5F39 /* Main.storyboard */ = {isa = PBXFileReference; fileEncoding = 4; lastKnownFileType = file.storyboard; path = Main.storyboard; sourceTree = "<group>"; };
		1C13E5811B4C486800FA5F39 /* PostViewController.swift */ = {isa = PBXFileReference; fileEncoding = 4; lastKnownFileType = sourcecode.swift; path = PostViewController.swift; sourceTree = "<group>"; };
		1C13E5821B4C486800FA5F39 /* PostDisplayViewController.swift */ = {isa = PBXFileReference; fileEncoding = 4; lastKnownFileType = sourcecode.swift; path = PostDisplayViewController.swift; sourceTree = "<group>"; };
		1C43F91F1D3204E2007EA904 /* Bond.framework */ = {isa = PBXFileReference; lastKnownFileType = wrapper.framework; name = Bond.framework; path = "../../../Library/Developer/Xcode/DerivedData/GeoRecipe-coamseshkvnswzftjqsllrppsyth/Build/Products/Debug-iphonesimulator/Bond/Bond.framework"; sourceTree = "<group>"; };
		1C43F9201D3204E2007EA904 /* ConvenienceKit.framework */ = {isa = PBXFileReference; lastKnownFileType = wrapper.framework; name = ConvenienceKit.framework; path = "../../../Library/Developer/Xcode/DerivedData/GeoRecipe-coamseshkvnswzftjqsllrppsyth/Build/Products/Debug-iphonesimulator/ConvenienceKit/ConvenienceKit.framework"; sourceTree = "<group>"; };
		1C43F9211D3204E2007EA904 /* DateTools.framework */ = {isa = PBXFileReference; lastKnownFileType = wrapper.framework; name = DateTools.framework; path = "../../../Library/Developer/Xcode/DerivedData/GeoRecipe-coamseshkvnswzftjqsllrppsyth/Build/Products/Debug-iphonesimulator/DateTools/DateTools.framework"; sourceTree = "<group>"; };
		1C43F9221D3204E2007EA904 /* Mixpanel.framework */ = {isa = PBXFileReference; lastKnownFileType = wrapper.framework; name = Mixpanel.framework; path = "../../../Library/Developer/Xcode/DerivedData/GeoRecipe-coamseshkvnswzftjqsllrppsyth/Build/Products/Debug-iphonesimulator/Mixpanel/Mixpanel.framework"; sourceTree = "<group>"; };
		1C52FFDA1B55C1BE00ADBE8B /* MapViewController.swift */ = {isa = PBXFileReference; fileEncoding = 4; lastKnownFileType = sourcecode.swift; path = MapViewController.swift; sourceTree = "<group>"; };
		1C5B38351B746C300086BF2C /* Images.xcassets */ = {isa = PBXFileReference; lastKnownFileType = folder.assetcatalog; path = Images.xcassets; sourceTree = "<group>"; };
		1CADAED11B597E0700F341A6 /* PinAnnotation.swift */ = {isa = PBXFileReference; fileEncoding = 4; lastKnownFileType = sourcecode.swift; path = PinAnnotation.swift; sourceTree = "<group>"; };
		1CC0CF4F1B6A94700022C0A5 /* AnnotationView.swift */ = {isa = PBXFileReference; fileEncoding = 4; lastKnownFileType = sourcecode.swift; path = AnnotationView.swift; sourceTree = "<group>"; };
		1CCF953B1B75D6BC00915C0B /* PushNotificationController.swift */ = {isa = PBXFileReference; fileEncoding = 4; lastKnownFileType = sourcecode.swift; path = PushNotificationController.swift; sourceTree = "<group>"; };
		1CD9DFF21B4DC61600DF28E3 /* PhotoTakingHelper.swift */ = {isa = PBXFileReference; fileEncoding = 4; lastKnownFileType = sourcecode.swift; path = PhotoTakingHelper.swift; sourceTree = "<group>"; };
		1CD9DFF41B4DC64100DF28E3 /* ParseHelper.swift */ = {isa = PBXFileReference; fileEncoding = 4; lastKnownFileType = sourcecode.swift; path = ParseHelper.swift; sourceTree = "<group>"; };
		1CDF7A471B55EC4100609CE1 /* MapKit.framework */ = {isa = PBXFileReference; lastKnownFileType = wrapper.framework; name = MapKit.framework; path = System/Library/Frameworks/MapKit.framework; sourceTree = SDKROOT; };
		4F64F1669359B2F219D6C513 /* Pods-GeoRecipe.debug.xcconfig */ = {isa = PBXFileReference; includeInIndex = 1; lastKnownFileType = text.xcconfig; name = "Pods-GeoRecipe.debug.xcconfig"; path = "Pods/Target Support Files/Pods-GeoRecipe/Pods-GeoRecipe.debug.xcconfig"; sourceTree = "<group>"; };
		624262B21B4460CB00005CE3 /* AppDelegate.swift */ = {isa = PBXFileReference; fileEncoding = 4; lastKnownFileType = sourcecode.swift; path = AppDelegate.swift; sourceTree = "<group>"; };
		624262B41B4460CB00005CE3 /* Base */ = {isa = PBXFileReference; lastKnownFileType = file.xib; name = Base; path = Base.lproj/LaunchScreen.xib; sourceTree = "<group>"; };
		624262B81B4460CB00005CE3 /* ErrorHandling.swift */ = {isa = PBXFileReference; fileEncoding = 4; lastKnownFileType = sourcecode.swift; path = ErrorHandling.swift; sourceTree = "<group>"; };
		624262B91B4460CB00005CE3 /* ParseLoginHelper.swift */ = {isa = PBXFileReference; fileEncoding = 4; lastKnownFileType = sourcecode.swift; path = ParseLoginHelper.swift; sourceTree = "<group>"; };
		624262BB1B4460CB00005CE3 /* Info.plist */ = {isa = PBXFileReference; fileEncoding = 4; lastKnownFileType = text.plist.xml; path = Info.plist; sourceTree = "<group>"; };
		624262BC1B4460CB00005CE3 /* TemplateProject-Bridging-Header.h */ = {isa = PBXFileReference; fileEncoding = 4; lastKnownFileType = sourcecode.c.h; path = "TemplateProject-Bridging-Header.h"; sourceTree = "<group>"; };
		62551B631B06BF6D000913E4 /* Bolts.framework */ = {isa = PBXFileReference; lastKnownFileType = wrapper.framework; name = Bolts.framework; path = Frameworks/Bolts.framework; sourceTree = "<group>"; };
		62551B641B06BF6D000913E4 /* FBSDKCoreKit.framework */ = {isa = PBXFileReference; lastKnownFileType = wrapper.framework; name = FBSDKCoreKit.framework; path = Frameworks/FBSDKCoreKit.framework; sourceTree = "<group>"; };
		62551B651B06BF6D000913E4 /* FBSDKLoginKit.framework */ = {isa = PBXFileReference; lastKnownFileType = wrapper.framework; name = FBSDKLoginKit.framework; path = Frameworks/FBSDKLoginKit.framework; sourceTree = "<group>"; };
		62551B661B06BF6D000913E4 /* FBSDKShareKit.framework */ = {isa = PBXFileReference; lastKnownFileType = wrapper.framework; name = FBSDKShareKit.framework; path = Frameworks/FBSDKShareKit.framework; sourceTree = "<group>"; };
		62551B671B06BF6D000913E4 /* Parse.framework */ = {isa = PBXFileReference; lastKnownFileType = wrapper.framework; name = Parse.framework; path = Frameworks/Parse.framework; sourceTree = "<group>"; };
		62551B681B06BF6D000913E4 /* ParseCrashReporting.framework */ = {isa = PBXFileReference; lastKnownFileType = wrapper.framework; name = ParseCrashReporting.framework; path = Frameworks/ParseCrashReporting.framework; sourceTree = "<group>"; };
		62551B691B06BF6D000913E4 /* ParseFacebookUtils.framework */ = {isa = PBXFileReference; lastKnownFileType = wrapper.framework; name = ParseFacebookUtils.framework; path = Frameworks/ParseFacebookUtils.framework; sourceTree = "<group>"; };
		62551B6A1B06BF6D000913E4 /* ParseFacebookUtilsV4.framework */ = {isa = PBXFileReference; lastKnownFileType = wrapper.framework; name = ParseFacebookUtilsV4.framework; path = Frameworks/ParseFacebookUtilsV4.framework; sourceTree = "<group>"; };
		62551B6B1B06BF6D000913E4 /* ParseUI.framework */ = {isa = PBXFileReference; lastKnownFileType = wrapper.framework; name = ParseUI.framework; path = Frameworks/ParseUI.framework; sourceTree = "<group>"; };
		62551B951B06C2F5000913E4 /* Social.framework */ = {isa = PBXFileReference; lastKnownFileType = wrapper.framework; name = Social.framework; path = System/Library/Frameworks/Social.framework; sourceTree = SDKROOT; };
		62551B971B06C2FD000913E4 /* Accounts.framework */ = {isa = PBXFileReference; lastKnownFileType = wrapper.framework; name = Accounts.framework; path = System/Library/Frameworks/Accounts.framework; sourceTree = SDKROOT; };
		62551B991B06C31F000913E4 /* CoreLocation.framework */ = {isa = PBXFileReference; lastKnownFileType = wrapper.framework; name = CoreLocation.framework; path = System/Library/Frameworks/CoreLocation.framework; sourceTree = SDKROOT; };
		62551B9B1B06C327000913E4 /* SystemConfiguration.framework */ = {isa = PBXFileReference; lastKnownFileType = wrapper.framework; name = SystemConfiguration.framework; path = System/Library/Frameworks/SystemConfiguration.framework; sourceTree = SDKROOT; };
		62551B9D1B06C354000913E4 /* MobileCoreServices.framework */ = {isa = PBXFileReference; lastKnownFileType = wrapper.framework; name = MobileCoreServices.framework; path = System/Library/Frameworks/MobileCoreServices.framework; sourceTree = SDKROOT; };
		62551B9F1B06C35B000913E4 /* AudioToolbox.framework */ = {isa = PBXFileReference; lastKnownFileType = wrapper.framework; name = AudioToolbox.framework; path = System/Library/Frameworks/AudioToolbox.framework; sourceTree = SDKROOT; };
		62551BA11B06C373000913E4 /* libsqlite3.dylib */ = {isa = PBXFileReference; lastKnownFileType = "compiled.mach-o.dylib"; name = libsqlite3.dylib; path = usr/lib/libsqlite3.dylib; sourceTree = SDKROOT; };
		62A07D651B1F79F2001F6916 /* libstdc++.6.dylib */ = {isa = PBXFileReference; lastKnownFileType = "compiled.mach-o.dylib"; name = "libstdc++.6.dylib"; path = "usr/lib/libstdc++.6.dylib"; sourceTree = SDKROOT; };
		62C8C1E01B06BD6500DC3EA7 /* GeoRecipe.app */ = {isa = PBXFileReference; explicitFileType = wrapper.application; includeInIndex = 0; path = GeoRecipe.app; sourceTree = BUILT_PRODUCTS_DIR; };
		98E50C68688DFB15289EE37F /* Pods_GeoRecipe.framework */ = {isa = PBXFileReference; explicitFileType = wrapper.framework; includeInIndex = 0; path = Pods_GeoRecipe.framework; sourceTree = BUILT_PRODUCTS_DIR; };
		AAAC0404191CB54E4F9D5533 /* Pods-GeoRecipe.release.xcconfig */ = {isa = PBXFileReference; includeInIndex = 1; lastKnownFileType = text.xcconfig; name = "Pods-GeoRecipe.release.xcconfig"; path = "Pods/Target Support Files/Pods-GeoRecipe/Pods-GeoRecipe.release.xcconfig"; sourceTree = "<group>"; };
		CBAE54CE1D221D34003547B1 /* Post.swift */ = {isa = PBXFileReference; fileEncoding = 4; lastKnownFileType = sourcecode.swift; path = Post.swift; sourceTree = "<group>"; };
/* End PBXFileReference section */

/* Begin PBXFrameworksBuildPhase section */
		62C8C1DD1B06BD6500DC3EA7 /* Frameworks */ = {
			isa = PBXFrameworksBuildPhase;
			buildActionMask = 2147483647;
			files = (
				1C43F9231D3204E2007EA904 /* Bond.framework in Frameworks */,
				1C43F9241D3204E2007EA904 /* ConvenienceKit.framework in Frameworks */,
				1C43F9251D3204E2007EA904 /* DateTools.framework in Frameworks */,
				1C43F9261D3204E2007EA904 /* Mixpanel.framework in Frameworks */,
				1CDF7A4F1B55EC5100609CE1 /* CoreLocation.framework in Frameworks */,
				1CDF7A481B55EC4100609CE1 /* MapKit.framework in Frameworks */,
				62A07D661B1F79F2001F6916 /* libstdc++.6.dylib in Frameworks */,
				62551BA21B06C373000913E4 /* libsqlite3.dylib in Frameworks */,
				62551BA01B06C35B000913E4 /* AudioToolbox.framework in Frameworks */,
				62551B9E1B06C354000913E4 /* MobileCoreServices.framework in Frameworks */,
				62551B9C1B06C327000913E4 /* SystemConfiguration.framework in Frameworks */,
				62551B981B06C2FD000913E4 /* Accounts.framework in Frameworks */,
				62551B961B06C2F5000913E4 /* Social.framework in Frameworks */,
				62551B741B06BF6D000913E4 /* ParseUI.framework in Frameworks */,
				62551B6F1B06BF6D000913E4 /* FBSDKShareKit.framework in Frameworks */,
				62551B731B06BF6D000913E4 /* ParseFacebookUtilsV4.framework in Frameworks */,
				62551B711B06BF6D000913E4 /* ParseCrashReporting.framework in Frameworks */,
				62551B6C1B06BF6D000913E4 /* Bolts.framework in Frameworks */,
				62551B6D1B06BF6D000913E4 /* FBSDKCoreKit.framework in Frameworks */,
				62551B6E1B06BF6D000913E4 /* FBSDKLoginKit.framework in Frameworks */,
				62551B701B06BF6D000913E4 /* Parse.framework in Frameworks */,
				5A5381B3F1F7EAB441EC9393 /* Pods_GeoRecipe.framework in Frameworks */,
			);
			runOnlyForDeploymentPostprocessing = 0;
		};
/* End PBXFrameworksBuildPhase section */

/* Begin PBXGroup section */
		1C13E57C1B4C484400FA5F39 /* View */ = {
			isa = PBXGroup;
			children = (
				1CADAED11B597E0700F341A6 /* PinAnnotation.swift */,
				1CC0CF4F1B6A94700022C0A5 /* AnnotationView.swift */,
			);
			path = View;
			sourceTree = "<group>";
		};
		1C3DDE4E1B4AF24A004E8014 /* ViewControllers */ = {
			isa = PBXGroup;
			children = (
				1C52FFDA1B55C1BE00ADBE8B /* MapViewController.swift */,
				1C13E5811B4C486800FA5F39 /* PostViewController.swift */,
				1C13E5821B4C486800FA5F39 /* PostDisplayViewController.swift */,
			);
			path = ViewControllers;
			sourceTree = "<group>";
		};
		1CD9DF9C1B4D9D5000DF28E3 /* Models */ = {
			isa = PBXGroup;
			children = (
				CBAE54CE1D221D34003547B1 /* Post.swift */,
				1CCF953B1B75D6BC00915C0B /* PushNotificationController.swift */,
			);
			path = Models;
			sourceTree = "<group>";
		};
		624262B11B4460CB00005CE3 /* TemplateProject */ = {
			isa = PBXGroup;
			children = (
				1CD9DF9C1B4D9D5000DF28E3 /* Models */,
				1C13E57C1B4C484400FA5F39 /* View */,
				1C13E57A1B4C46EC00FA5F39 /* Main.storyboard */,
				1C3DDE4E1B4AF24A004E8014 /* ViewControllers */,
				624262B21B4460CB00005CE3 /* AppDelegate.swift */,
				624262B31B4460CB00005CE3 /* LaunchScreen.xib */,
				624262B71B4460CB00005CE3 /* Helpers */,
				624262BB1B4460CB00005CE3 /* Info.plist */,
				624262BC1B4460CB00005CE3 /* TemplateProject-Bridging-Header.h */,
				624262BE1B4460CB00005CE3 /* ViewControllers */,
			);
			path = TemplateProject;
			sourceTree = "<group>";
		};
		624262B71B4460CB00005CE3 /* Helpers */ = {
			isa = PBXGroup;
			children = (
				1C5B38351B746C300086BF2C /* Images.xcassets */,
				624262B81B4460CB00005CE3 /* ErrorHandling.swift */,
				624262B91B4460CB00005CE3 /* ParseLoginHelper.swift */,
				1CD9DFF21B4DC61600DF28E3 /* PhotoTakingHelper.swift */,
				1CD9DFF41B4DC64100DF28E3 /* ParseHelper.swift */,
			);
			path = Helpers;
			sourceTree = "<group>";
		};
		624262BE1B4460CB00005CE3 /* ViewControllers */ = {
			isa = PBXGroup;
			children = (
				624262BF1B4460CB00005CE3 /* FilterViewController */,
			);
			path = ViewControllers;
			sourceTree = "<group>";
		};
		624262BF1B4460CB00005CE3 /* FilterViewController */ = {
			isa = PBXGroup;
			children = (
			);
			path = FilterViewController;
			sourceTree = "<group>";
		};
		62551B621B06BF33000913E4 /* Frameworks */ = {
			isa = PBXGroup;
			children = (
				1C43F91F1D3204E2007EA904 /* Bond.framework */,
				1C43F9201D3204E2007EA904 /* ConvenienceKit.framework */,
				1C43F9211D3204E2007EA904 /* DateTools.framework */,
				1C43F9221D3204E2007EA904 /* Mixpanel.framework */,
				1CDF7A471B55EC4100609CE1 /* MapKit.framework */,
				62A07D651B1F79F2001F6916 /* libstdc++.6.dylib */,
				62551BA11B06C373000913E4 /* libsqlite3.dylib */,
				62551B9F1B06C35B000913E4 /* AudioToolbox.framework */,
				62551B9D1B06C354000913E4 /* MobileCoreServices.framework */,
				62551B9B1B06C327000913E4 /* SystemConfiguration.framework */,
				62551B991B06C31F000913E4 /* CoreLocation.framework */,
				62551B971B06C2FD000913E4 /* Accounts.framework */,
				62551B951B06C2F5000913E4 /* Social.framework */,
				62551B631B06BF6D000913E4 /* Bolts.framework */,
				62551B641B06BF6D000913E4 /* FBSDKCoreKit.framework */,
				62551B651B06BF6D000913E4 /* FBSDKLoginKit.framework */,
				62551B661B06BF6D000913E4 /* FBSDKShareKit.framework */,
				62551B671B06BF6D000913E4 /* Parse.framework */,
				62551B681B06BF6D000913E4 /* ParseCrashReporting.framework */,
				62551B691B06BF6D000913E4 /* ParseFacebookUtils.framework */,
				62551B6A1B06BF6D000913E4 /* ParseFacebookUtilsV4.framework */,
				62551B6B1B06BF6D000913E4 /* ParseUI.framework */,
				98E50C68688DFB15289EE37F /* Pods_GeoRecipe.framework */,
			);
			name = Frameworks;
			sourceTree = "<group>";
		};
		62C8C1D71B06BD6500DC3EA7 = {
			isa = PBXGroup;
			children = (
				624262B11B4460CB00005CE3 /* TemplateProject */,
				62551B621B06BF33000913E4 /* Frameworks */,
				62C8C1E11B06BD6500DC3EA7 /* Products */,
				C0216D572ED5D67767489580 /* Pods */,
			);
			sourceTree = "<group>";
		};
		62C8C1E11B06BD6500DC3EA7 /* Products */ = {
			isa = PBXGroup;
			children = (
				62C8C1E01B06BD6500DC3EA7 /* GeoRecipe.app */,
			);
			name = Products;
			sourceTree = "<group>";
		};
		C0216D572ED5D67767489580 /* Pods */ = {
			isa = PBXGroup;
			children = (
				4F64F1669359B2F219D6C513 /* Pods-GeoRecipe.debug.xcconfig */,
				AAAC0404191CB54E4F9D5533 /* Pods-GeoRecipe.release.xcconfig */,
			);
			name = Pods;
			sourceTree = "<group>";
		};
/* End PBXGroup section */

/* Begin PBXNativeTarget section */
		62C8C1DF1B06BD6500DC3EA7 /* GeoRecipe */ = {
			isa = PBXNativeTarget;
			buildConfigurationList = 62C8C1FF1B06BD6500DC3EA7 /* Build configuration list for PBXNativeTarget "GeoRecipe" */;
			buildPhases = (
				BF5DD5B84249A684B60D4701 /* [CP] Check Pods Manifest.lock */,
				62C8C1DC1B06BD6500DC3EA7 /* Sources */,
				62C8C1DD1B06BD6500DC3EA7 /* Frameworks */,
				62C8C1DE1B06BD6500DC3EA7 /* Resources */,
				62A07D1C1B1E56C2001F6916 /* Embed Frameworks */,
				954223EB6011FAE070298440 /* [CP] Copy Pods Resources */,
				B162D27A6562F6D47189603E /* [CP] Embed Pods Frameworks */,
			);
			buildRules = (
			);
			dependencies = (
			);
			name = GeoRecipe;
			productName = Makestagram;
			productReference = 62C8C1E01B06BD6500DC3EA7 /* GeoRecipe.app */;
			productType = "com.apple.product-type.application";
		};
/* End PBXNativeTarget section */

/* Begin PBXProject section */
		62C8C1D81B06BD6500DC3EA7 /* Project object */ = {
			isa = PBXProject;
			attributes = {
				LastSwiftMigration = 0730;
				LastSwiftUpdateCheck = 0730;
				LastUpgradeCheck = 1010;
				ORGANIZATIONNAME = "Make School";
				TargetAttributes = {
					62C8C1DF1B06BD6500DC3EA7 = {
						CreatedOnToolsVersion = 6.3;
						DevelopmentTeam = P52BHBX235;
					};
				};
			};
			buildConfigurationList = 62C8C1DB1B06BD6500DC3EA7 /* Build configuration list for PBXProject "GeoRecipe" */;
			compatibilityVersion = "Xcode 3.2";
			developmentRegion = English;
			hasScannedForEncodings = 0;
			knownRegions = (
				en,
				Base,
			);
			mainGroup = 62C8C1D71B06BD6500DC3EA7;
			productRefGroup = 62C8C1E11B06BD6500DC3EA7 /* Products */;
			projectDirPath = "";
			projectRoot = "";
			targets = (
				62C8C1DF1B06BD6500DC3EA7 /* GeoRecipe */,
			);
		};
/* End PBXProject section */

/* Begin PBXResourcesBuildPhase section */
		62C8C1DE1B06BD6500DC3EA7 /* Resources */ = {
			isa = PBXResourcesBuildPhase;
			buildActionMask = 2147483647;
			files = (
				1C5B38361B746C300086BF2C /* Images.xcassets in Resources */,
				1C13E57B1B4C46EC00FA5F39 /* Main.storyboard in Resources */,
				624262C11B4460CB00005CE3 /* LaunchScreen.xib in Resources */,
			);
			runOnlyForDeploymentPostprocessing = 0;
		};
/* End PBXResourcesBuildPhase section */

/* Begin PBXShellScriptBuildPhase section */
		954223EB6011FAE070298440 /* [CP] Copy Pods Resources */ = {
			isa = PBXShellScriptBuildPhase;
			buildActionMask = 2147483647;
			files = (
			);
			inputPaths = (
			);
			name = "[CP] Copy Pods Resources";
			outputPaths = (
			);
			runOnlyForDeploymentPostprocessing = 0;
			shellPath = /bin/sh;
			shellScript = "\"${SRCROOT}/Pods/Target Support Files/Pods-GeoRecipe/Pods-GeoRecipe-resources.sh\"\n";
			showEnvVarsInLog = 0;
		};
		B162D27A6562F6D47189603E /* [CP] Embed Pods Frameworks */ = {
			isa = PBXShellScriptBuildPhase;
			buildActionMask = 2147483647;
			files = (
			);
			inputPaths = (
			);
			name = "[CP] Embed Pods Frameworks";
			outputPaths = (
			);
			runOnlyForDeploymentPostprocessing = 0;
			shellPath = /bin/sh;
			shellScript = "\"${SRCROOT}/Pods/Target Support Files/Pods-GeoRecipe/Pods-GeoRecipe-frameworks.sh\"\n";
			showEnvVarsInLog = 0;
		};
		BF5DD5B84249A684B60D4701 /* [CP] Check Pods Manifest.lock */ = {
			isa = PBXShellScriptBuildPhase;
			buildActionMask = 2147483647;
			files = (
			);
			inputPaths = (
			);
			name = "[CP] Check Pods Manifest.lock";
			outputPaths = (
			);
			runOnlyForDeploymentPostprocessing = 0;
			shellPath = /bin/sh;
			shellScript = "diff \"${PODS_ROOT}/../Podfile.lock\" \"${PODS_ROOT}/Manifest.lock\" > /dev/null\nif [[ $? != 0 ]] ; then\n    cat << EOM\nerror: The sandbox is not in sync with the Podfile.lock. Run 'pod install' or update your CocoaPods installation.\nEOM\n    exit 1\nfi\n";
			showEnvVarsInLog = 0;
		};
/* End PBXShellScriptBuildPhase section */

/* Begin PBXSourcesBuildPhase section */
		62C8C1DC1B06BD6500DC3EA7 /* Sources */ = {
			isa = PBXSourcesBuildPhase;
			buildActionMask = 2147483647;
			files = (
				1C1105491B5EB10C0081D073 /* PostDisplayViewController.swift in Sources */,
				1CC0CF501B6A94700022C0A5 /* AnnotationView.swift in Sources */,
				1CCF953C1B75D6BC00915C0B /* PushNotificationController.swift in Sources */,
				CBAE54CF1D221D34003547B1 /* Post.swift in Sources */,
				1C13E5851B4C486800FA5F39 /* PostViewController.swift in Sources */,
				624262C01B4460CB00005CE3 /* AppDelegate.swift in Sources */,
				1CADAED21B597E0700F341A6 /* PinAnnotation.swift in Sources */,
				1CD9DFF31B4DC61600DF28E3 /* PhotoTakingHelper.swift in Sources */,
				624262C41B4460CB00005CE3 /* ParseLoginHelper.swift in Sources */,
				624262C31B4460CB00005CE3 /* ErrorHandling.swift in Sources */,
				1CD9DFF51B4DC64100DF28E3 /* ParseHelper.swift in Sources */,
				1C52FFDB1B55C1BE00ADBE8B /* MapViewController.swift in Sources */,
			);
			runOnlyForDeploymentPostprocessing = 0;
		};
/* End PBXSourcesBuildPhase section */

/* Begin PBXVariantGroup section */
		624262B31B4460CB00005CE3 /* LaunchScreen.xib */ = {
			isa = PBXVariantGroup;
			children = (
				624262B41B4460CB00005CE3 /* Base */,
			);
			name = LaunchScreen.xib;
			sourceTree = "<group>";
		};
/* End PBXVariantGroup section */

/* Begin XCBuildConfiguration section */
		62C8C1FD1B06BD6500DC3EA7 /* Debug */ = {
			isa = XCBuildConfiguration;
			buildSettings = {
				ALWAYS_SEARCH_USER_PATHS = NO;
				CLANG_CXX_LANGUAGE_STANDARD = "gnu++0x";
				CLANG_CXX_LIBRARY = "libc++";
				CLANG_ENABLE_MODULES = YES;
				CLANG_ENABLE_OBJC_ARC = YES;
				CLANG_WARN_BLOCK_CAPTURE_AUTORELEASING = YES;
				CLANG_WARN_BOOL_CONVERSION = YES;
				CLANG_WARN_COMMA = YES;
				CLANG_WARN_CONSTANT_CONVERSION = YES;
				CLANG_WARN_DEPRECATED_OBJC_IMPLEMENTATIONS = YES;
				CLANG_WARN_DIRECT_OBJC_ISA_USAGE = YES_ERROR;
				CLANG_WARN_EMPTY_BODY = YES;
				CLANG_WARN_ENUM_CONVERSION = YES;
				CLANG_WARN_INFINITE_RECURSION = YES;
				CLANG_WARN_INT_CONVERSION = YES;
				CLANG_WARN_NON_LITERAL_NULL_CONVERSION = YES;
				CLANG_WARN_OBJC_IMPLICIT_RETAIN_SELF = YES;
				CLANG_WARN_OBJC_LITERAL_CONVERSION = YES;
				CLANG_WARN_OBJC_ROOT_CLASS = YES_ERROR;
				CLANG_WARN_RANGE_LOOP_ANALYSIS = YES;
				CLANG_WARN_STRICT_PROTOTYPES = YES;
				CLANG_WARN_SUSPICIOUS_MOVE = YES;
				CLANG_WARN_UNREACHABLE_CODE = YES;
				CLANG_WARN__DUPLICATE_METHOD_MATCH = YES;
				CODE_SIGN_IDENTITY = "";
				"CODE_SIGN_IDENTITY[sdk=iphoneos*]" = "";
				COPY_PHASE_STRIP = NO;
				DEBUG_INFORMATION_FORMAT = "dwarf-with-dsym";
				ENABLE_STRICT_OBJC_MSGSEND = YES;
				ENABLE_TESTABILITY = YES;
				GCC_C_LANGUAGE_STANDARD = gnu99;
				GCC_DYNAMIC_NO_PIC = NO;
				GCC_NO_COMMON_BLOCKS = YES;
				GCC_OPTIMIZATION_LEVEL = 0;
				GCC_PREPROCESSOR_DEFINITIONS = (
					"DEBUG=1",
					"$(inherited)",
				);
				GCC_SYMBOLS_PRIVATE_EXTERN = NO;
				GCC_WARN_64_TO_32_BIT_CONVERSION = YES;
				GCC_WARN_ABOUT_RETURN_TYPE = YES_ERROR;
				GCC_WARN_UNDECLARED_SELECTOR = YES;
				GCC_WARN_UNINITIALIZED_AUTOS = YES_AGGRESSIVE;
				GCC_WARN_UNUSED_FUNCTION = YES;
				GCC_WARN_UNUSED_VARIABLE = YES;
				IPHONEOS_DEPLOYMENT_TARGET = 8.3;
				MTL_ENABLE_DEBUG_INFO = YES;
				ONLY_ACTIVE_ARCH = YES;
				PROVISIONING_PROFILE = "b9c01deb-63b6-47d9-918f-cc2fc3a52f6a";
				SDKROOT = iphoneos;
				SWIFT_OPTIMIZATION_LEVEL = "-Onone";
				SWIFT_VERSION = 4.0;
				TARGETED_DEVICE_FAMILY = "1,2";
			};
			name = Debug;
		};
		62C8C1FE1B06BD6500DC3EA7 /* Release */ = {
			isa = XCBuildConfiguration;
			buildSettings = {
				ALWAYS_SEARCH_USER_PATHS = NO;
				CLANG_CXX_LANGUAGE_STANDARD = "gnu++0x";
				CLANG_CXX_LIBRARY = "libc++";
				CLANG_ENABLE_MODULES = YES;
				CLANG_ENABLE_OBJC_ARC = YES;
				CLANG_WARN_BLOCK_CAPTURE_AUTORELEASING = YES;
				CLANG_WARN_BOOL_CONVERSION = YES;
				CLANG_WARN_COMMA = YES;
				CLANG_WARN_CONSTANT_CONVERSION = YES;
				CLANG_WARN_DEPRECATED_OBJC_IMPLEMENTATIONS = YES;
				CLANG_WARN_DIRECT_OBJC_ISA_USAGE = YES_ERROR;
				CLANG_WARN_EMPTY_BODY = YES;
				CLANG_WARN_ENUM_CONVERSION = YES;
				CLANG_WARN_INFINITE_RECURSION = YES;
				CLANG_WARN_INT_CONVERSION = YES;
				CLANG_WARN_NON_LITERAL_NULL_CONVERSION = YES;
				CLANG_WARN_OBJC_IMPLICIT_RETAIN_SELF = YES;
				CLANG_WARN_OBJC_LITERAL_CONVERSION = YES;
				CLANG_WARN_OBJC_ROOT_CLASS = YES_ERROR;
				CLANG_WARN_RANGE_LOOP_ANALYSIS = YES;
				CLANG_WARN_STRICT_PROTOTYPES = YES;
				CLANG_WARN_SUSPICIOUS_MOVE = YES;
				CLANG_WARN_UNREACHABLE_CODE = YES;
				CLANG_WARN__DUPLICATE_METHOD_MATCH = YES;
				CODE_SIGN_IDENTITY = "";
				"CODE_SIGN_IDENTITY[sdk=iphoneos*]" = "";
				COPY_PHASE_STRIP = NO;
				DEBUG_INFORMATION_FORMAT = "dwarf-with-dsym";
				ENABLE_NS_ASSERTIONS = NO;
				ENABLE_STRICT_OBJC_MSGSEND = YES;
				GCC_C_LANGUAGE_STANDARD = gnu99;
				GCC_NO_COMMON_BLOCKS = YES;
				GCC_WARN_64_TO_32_BIT_CONVERSION = YES;
				GCC_WARN_ABOUT_RETURN_TYPE = YES_ERROR;
				GCC_WARN_UNDECLARED_SELECTOR = YES;
				GCC_WARN_UNINITIALIZED_AUTOS = YES_AGGRESSIVE;
				GCC_WARN_UNUSED_FUNCTION = YES;
				GCC_WARN_UNUSED_VARIABLE = YES;
				IPHONEOS_DEPLOYMENT_TARGET = 8.3;
				MTL_ENABLE_DEBUG_INFO = NO;
				PROVISIONING_PROFILE = "b9c01deb-63b6-47d9-918f-cc2fc3a52f6a";
				SDKROOT = iphoneos;
				SWIFT_COMPILATION_MODE = wholemodule;
				SWIFT_VERSION = 4.0;
				TARGETED_DEVICE_FAMILY = "1,2";
				VALIDATE_PRODUCT = YES;
			};
			name = Release;
		};
		62C8C2001B06BD6500DC3EA7 /* Debug */ = {
			isa = XCBuildConfiguration;
			baseConfigurationReference = 4F64F1669359B2F219D6C513 /* Pods-GeoRecipe.debug.xcconfig */;
			buildSettings = {
				ALWAYS_EMBED_SWIFT_STANDARD_LIBRARIES = YES;
				ASSETCATALOG_COMPILER_APPICON_NAME = AppIcon;
				ASSETCATALOG_COMPILER_LAUNCHIMAGE_NAME = LaunchImage;
				CLANG_ENABLE_MODULES = YES;
				CODE_SIGN_IDENTITY = "iPhone Developer";
				"CODE_SIGN_IDENTITY[sdk=iphoneos*]" = "iPhone Developer";
				ENABLE_BITCODE = NO;
				FRAMEWORK_SEARCH_PATHS = (
					"$(inherited)",
					"$(PROJECT_DIR)/Frameworks",
					"$(PROJECT_DIR)/Frameworks/ConvenienceKit/ConvenienceKit/Frameworks",
					/Users/caitlynachen/Desktop,
					"$(PROJECT_DIR)",
				);
				INFOPLIST_FILE = TemplateProject/Info.plist;
				IPHONEOS_DEPLOYMENT_TARGET = 8.0;
				LD_RUNPATH_SEARCH_PATHS = "$(inherited) @executable_path/Frameworks";
				ONLY_ACTIVE_ARCH = YES;
				OTHER_LDFLAGS = "$(inherited)";
				PRODUCT_BUNDLE_IDENTIFIER = com.caitlynchen.GeoRecipe;
				PRODUCT_NAME = GeoRecipe;
				PROVISIONING_PROFILE = "";
				SWIFT_OBJC_BRIDGING_HEADER = "TemplateProject/TemplateProject-Bridging-Header.h";
				SWIFT_OPTIMIZATION_LEVEL = "-Onone";
				TARGETED_DEVICE_FAMILY = 1;
			};
			name = Debug;
		};
		62C8C2011B06BD6500DC3EA7 /* Release */ = {
			isa = XCBuildConfiguration;
			baseConfigurationReference = AAAC0404191CB54E4F9D5533 /* Pods-GeoRecipe.release.xcconfig */;
			buildSettings = {
				ALWAYS_EMBED_SWIFT_STANDARD_LIBRARIES = YES;
				ASSETCATALOG_COMPILER_APPICON_NAME = AppIcon;
				ASSETCATALOG_COMPILER_LAUNCHIMAGE_NAME = LaunchImage;
				CLANG_ENABLE_MODULES = YES;
				CODE_SIGN_IDENTITY = "iPhone Developer";
				"CODE_SIGN_IDENTITY[sdk=iphoneos*]" = "iPhone Developer";
				ENABLE_BITCODE = NO;
				FRAMEWORK_SEARCH_PATHS = (
					"$(inherited)",
					"$(PROJECT_DIR)/Frameworks",
					"$(PROJECT_DIR)/Frameworks/ConvenienceKit/ConvenienceKit/Frameworks",
					/Users/caitlynachen/Desktop,
					"$(PROJECT_DIR)",
				);
				INFOPLIST_FILE = TemplateProject/Info.plist;
				IPHONEOS_DEPLOYMENT_TARGET = 8.0;
				LD_RUNPATH_SEARCH_PATHS = "$(inherited) @executable_path/Frameworks";
				ONLY_ACTIVE_ARCH = YES;
				OTHER_LDFLAGS = "$(inherited)";
				PRODUCT_BUNDLE_IDENTIFIER = com.caitlynchen.GeoRecipe;
				PRODUCT_NAME = GeoRecipe;
				PROVISIONING_PROFILE = "";
				SWIFT_OBJC_BRIDGING_HEADER = "TemplateProject/TemplateProject-Bridging-Header.h";
				TARGETED_DEVICE_FAMILY = 1;
			};
			name = Release;
		};
/* End XCBuildConfiguration section */

/* Begin XCConfigurationList section */
		62C8C1DB1B06BD6500DC3EA7 /* Build configuration list for PBXProject "GeoRecipe" */ = {
			isa = XCConfigurationList;
			buildConfigurations = (
				62C8C1FD1B06BD6500DC3EA7 /* Debug */,
				62C8C1FE1B06BD6500DC3EA7 /* Release */,
			);
			defaultConfigurationIsVisible = 0;
			defaultConfigurationName = Release;
		};
		62C8C1FF1B06BD6500DC3EA7 /* Build configuration list for PBXNativeTarget "GeoRecipe" */ = {
			isa = XCConfigurationList;
			buildConfigurations = (
				62C8C2001B06BD6500DC3EA7 /* Debug */,
				62C8C2011B06BD6500DC3EA7 /* Release */,
			);
			defaultConfigurationIsVisible = 0;
			defaultConfigurationName = Release;
		};
/* End XCConfigurationList section */
	};
	rootObject = 62C8C1D81B06BD6500DC3EA7 /* Project object */;
}
